
Microsoft Visual Studio Solution File, Format Version 11.00
# Visual Studio 2010
Project("{FAE04EC0-301F-11D3-BF4B-00C04F79EFBC}") = "Base", "Base\Base.csproj", "{548E35E2-508A-4B82-A719-B6417C1D2E13}"
EndProject
Project("{FAE04EC0-301F-11D3-BF4B-00C04F79EFBC}") = "Cache", "Cache\Cache.csproj", "{8D70CDAC-C87F-4882-AC80-1BC9D427589E}"
EndProject
Project("{FAE04EC0-301F-11D3-BF4B-00C04F79EFBC}") = "Collections", "Collections\Collections.csproj", "{81C5A8C6-38B4-4289-A770-7D445BDF9034}"
EndProject
Project("{FAE04EC0-301F-11D3-BF4B-00C04F79EFBC}") = "Tests", "Tests\Tests.csproj", "{073F8BA8-6BC0-4DD9-8F65-518B99B92E22}"
	ProjectSection(ProjectDependencies) = postProject
		{8D70CDAC-C87F-4882-AC80-1BC9D427589E} = {8D70CDAC-C87F-4882-AC80-1BC9D427589E}
		{81C5A8C6-38B4-4289-A770-7D445BDF9034} = {81C5A8C6-38B4-4289-A770-7D445BDF9034}
		{548E35E2-508A-4B82-A719-B6417C1D2E13} = {548E35E2-508A-4B82-A719-B6417C1D2E13}
	EndProjectSection
EndProject
Project("{2150E333-8FDC-42A3-9474-1A3956D46DE8}") = "Solution Items", "Solution Items", "{B0A99462-B7CF-4491-9C5B-C563A9008CC3}"
	ProjectSection(SolutionItems) = preProject
		CommonCore.vsmdi = CommonCore.vsmdi
		Local.testsettings = Local.testsettings
		TraceAndTestImpact.testsettings = TraceAndTestImpact.testsettings
	EndProjectSection
EndProject
Global
	GlobalSection(TestCaseManagementSettings) = postSolution
		CategoryFile = CommonCore.vsmdi
	EndGlobalSection
	GlobalSection(SolutionConfigurationPlatforms) = preSolution
		Debug|Any CPU = Debug|Any CPU
		Debug|Mixed Platforms = Debug|Mixed Platforms
		Debug|x86 = Debug|x86
		Release|Any CPU = Release|Any CPU
		Release|Mixed Platforms = Release|Mixed Platforms
		Release|x86 = Release|x86
	EndGlobalSection
	GlobalSection(ProjectConfigurationPlatforms) = postSolution
		{548E35E2-508A-4B82-A719-B6417C1D2E13}.Debug|Any CPU.ActiveCfg = Debug|Any CPU
		{548E35E2-508A-4B82-A719-B6417C1D2E13}.Debug|Any CPU.Build.0 = Debug|Any CPU
		{548E35E2-508A-4B82-A719-B6417C1D2E13}.Debug|Mixed Platforms.ActiveCfg = Debug|Any CPU
		{548E35E2-508A-4B82-A719-B6417C1D2E13}.Debug|Mixed Platforms.Build.0 = Debug|Any CPU
		{548E35E2-508A-4B82-A719-B6417C1D2E13}.Debug|x86.ActiveCfg = Debug|Any CPU
		{548E35E2-508A-4B82-A719-B6417C1D2E13}.Release|Any CPU.ActiveCfg = Release|Any CPU
		{548E35E2-508A-4B82-A719-B6417C1D2E13}.Release|Any CPU.Build.0 = Release|Any CPU
		{548E35E2-508A-4B82-A719-B6417C1D2E13}.Release|Mixed Platforms.ActiveCfg = Release|Any CPU
		{548E35E2-508A-4B82-A719-B6417C1D2E13}.Release|Mixed Platforms.Build.0 = Release|Any CPU
		{548E35E2-508A-4B82-A719-B6417C1D2E13}.Release|x86.ActiveCfg = Release|Any CPU
		{8D70CDAC-C87F-4882-AC80-1BC9D427589E}.Debug|Any CPU.ActiveCfg = Debug|Any CPU
		{8D70CDAC-C87F-4882-AC80-1BC9D427589E}.Debug|Any CPU.Build.0 = Debug|Any CPU
		{8D70CDAC-C87F-4882-AC80-1BC9D427589E}.Debug|Mixed Platforms.ActiveCfg = Debug|Any CPU
		{8D70CDAC-C87F-4882-AC80-1BC9D427589E}.Debug|Mixed Platforms.Build.0 = Debug|Any CPU
		{8D70CDAC-C87F-4882-AC80-1BC9D427589E}.Debug|x86.ActiveCfg = Debug|Any CPU
		{8D70CDAC-C87F-4882-AC80-1BC9D427589E}.Release|Any CPU.ActiveCfg = Release|Any CPU
		{8D70CDAC-C87F-4882-AC80-1BC9D427589E}.Release|Any CPU.Build.0 = Release|Any CPU
		{8D70CDAC-C87F-4882-AC80-1BC9D427589E}.Release|Mixed Platforms.ActiveCfg = Release|Any CPU
		{8D70CDAC-C87F-4882-AC80-1BC9D427589E}.Release|Mixed Platforms.Build.0 = Release|Any CPU
		{8D70CDAC-C87F-4882-AC80-1BC9D427589E}.Release|x86.ActiveCfg = Release|Any CPU
		{81C5A8C6-38B4-4289-A770-7D445BDF9034}.Debug|Any CPU.ActiveCfg = Debug|Any CPU
		{81C5A8C6-38B4-4289-A770-7D445BDF9034}.Debug|Any CPU.Build.0 = Debug|Any CPU
		{81C5A8C6-38B4-4289-A770-7D445BDF9034}.Debug|Mixed Platforms.ActiveCfg = Debug|Any CPU
		{81C5A8C6-38B4-4289-A770-7D445BDF9034}.Debug|Mixed Platforms.Build.0 = Debug|Any CPU
		{81C5A8C6-38B4-4289-A770-7D445BDF9034}.Debug|x86.ActiveCfg = Debug|Any CPU
		{81C5A8C6-38B4-4289-A770-7D445BDF9034}.Release|Any CPU.ActiveCfg = Release|Any CPU
		{81C5A8C6-38B4-4289-A770-7D445BDF9034}.Release|Any CPU.Build.0 = Release|Any CPU
		{81C5A8C6-38B4-4289-A770-7D445BDF9034}.Release|Mixed Platforms.ActiveCfg = Release|Any CPU
		{81C5A8C6-38B4-4289-A770-7D445BDF9034}.Release|Mixed Platforms.Build.0 = Release|Any CPU
		{81C5A8C6-38B4-4289-A770-7D445BDF9034}.Release|x86.ActiveCfg = Release|Any CPU
		{073F8BA8-6BC0-4DD9-8F65-518B99B92E22}.Debug|Any CPU.ActiveCfg = Debug|Any CPU
		{073F8BA8-6BC0-4DD9-8F65-518B99B92E22}.Debug|Any CPU.Build.0 = Debug|Any CPU
		{073F8BA8-6BC0-4DD9-8F65-518B99B92E22}.Debug|Mixed Platforms.ActiveCfg = Debug|Any CPU
		{073F8BA8-6BC0-4DD9-8F65-518B99B92E22}.Debug|Mixed Platforms.Build.0 = Debug|Any CPU
		{073F8BA8-6BC0-4DD9-8F65-518B99B92E22}.Debug|x86.ActiveCfg = Debug|Any CPU
		{073F8BA8-6BC0-4DD9-8F65-518B99B92E22}.Release|Any CPU.ActiveCfg = Release|Any CPU
		{073F8BA8-6BC0-4DD9-8F65-518B99B92E22}.Release|Any CPU.Build.0 = Release|Any CPU
		{073F8BA8-6BC0-4DD9-8F65-518B99B92E22}.Release|Mixed Platforms.ActiveCfg = Release|Any CPU
		{073F8BA8-6BC0-4DD9-8F65-518B99B92E22}.Release|Mixed Platforms.Build.0 = Release|Any CPU
		{073F8BA8-6BC0-4DD9-8F65-518B99B92E22}.Release|x86.ActiveCfg = Release|Any CPU
	EndGlobalSection
	GlobalSection(SolutionProperties) = preSolution
		HideSolutionNode = FALSE
	EndGlobalSection
EndGlobal
